
Microsoft Visual Studio Solution File, Format Version 12.00
# Visual Studio Version 17
VisualStudioVersion = 17.9.34607.119
MinimumVisualStudioVersion = 10.0.40219.1
Project("{FAE04EC0-301F-11D3-BF4B-00C04F79EFBC}") = "ATM-Console-Basic", "ATM-Console-Basic\ATM-Console-Basic.csproj", "{06A3BABB-C083-491B-B8FB-1FC4D69BA306}"
EndProject
Global
	GlobalSection(SolutionConfigurationPlatforms) = preSolution
		Debug|Any CPU = Debug|Any CPU
		Release|Any CPU = Release|Any CPU
	EndGlobalSection
	GlobalSection(ProjectConfigurationPlatforms) = postSolution
		{06A3BABB-C083-491B-B8FB-1FC4D69BA306}.Debug|Any CPU.ActiveCfg = Debug|Any CPU
		{06A3BABB-C083-491B-B8FB-1FC4D69BA306}.Debug|Any CPU.Build.0 = Debug|Any CPU
		{06A3BABB-C083-491B-B8FB-1FC4D69BA306}.Release|Any CPU.ActiveCfg = Release|Any CPU
		{06A3BABB-C083-491B-B8FB-1FC4D69BA306}.Release|Any CPU.Build.0 = Release|Any CPU
	EndGlobalSection
	GlobalSection(SolutionProperties) = preSolution
		HideSolutionNode = FALSE
	EndGlobalSection
	GlobalSection(ExtensibilityGlobals) = postSolution
		SolutionGuid = {8127E739-FAD0-48AA-A730-4C6E2505E65E}
	EndGlobalSection
EndGlobal
